// !$*UTF8*$!
{
	archiveVersion = 1;
	classes = {
	};
	objectVersion = 77;
	objects = {

/* Begin PBXContainerItemProxy section */
		1497C30C2DBE299B006B7AE2 /* PBXContainerItemProxy */ = {
			isa = PBXContainerItemProxy;
			containerPortal = 1497C2F12DBE299A006B7AE2 /* Project object */;
			proxyType = 1;
			remoteGlobalIDString = 1497C2F82DBE299A006B7AE2;
			remoteInfo = voicejournal;
		};
		1497C3162DBE299B006B7AE2 /* PBXContainerItemProxy */ = {
			isa = PBXContainerItemProxy;
			containerPortal = 1497C2F12DBE299A006B7AE2 /* Project object */;
			proxyType = 1;
			remoteGlobalIDString = 1497C2F82DBE299A006B7AE2;
			remoteInfo = voicejournal;
		};
/* End PBXContainerItemProxy section */

/* Begin PBXFileReference section */
		1497C2F92DBE299A006B7AE2 /* voicejournal.app */ = {isa = PBXFileReference; explicitFileType = wrapper.application; includeInIndex = 0; path = voicejournal.app; sourceTree = BUILT_PRODUCTS_DIR; };
		1497C30B2DBE299B006B7AE2 /* voicejournalTests.xctest */ = {isa = PBXFileReference; explicitFileType = wrapper.cfbundle; includeInIndex = 0; path = voicejournalTests.xctest; sourceTree = BUILT_PRODUCTS_DIR; };
		1497C3152DBE299B006B7AE2 /* voicejournalUITests.xctest */ = {isa = PBXFileReference; explicitFileType = wrapper.cfbundle; includeInIndex = 0; path = voicejournalUITests.xctest; sourceTree = BUILT_PRODUCTS_DIR; };
/* End PBXFileReference section */

/* Begin PBXFileSystemSynchronizedRootGroup section */
		1497C2FB2DBE299A006B7AE2 /* voicejournal */ = {
			isa = PBXFileSystemSynchronizedRootGroup;
			path = voicejournal;
			sourceTree = "<group>";
		};
		1497C30E2DBE299B006B7AE2 /* voicejournalTests */ = {
			isa = PBXFileSystemSynchronizedRootGroup;
			path = voicejournalTests;
			sourceTree = "<group>";
		};
		1497C3182DBE299B006B7AE2 /* voicejournalUITests */ = {
			isa = PBXFileSystemSynchronizedRootGroup;
			path = voicejournalUITests;
			sourceTree = "<group>";
		};
/* End PBXFileSystemSynchronizedRootGroup section */

/* Begin PBXFrameworksBuildPhase section */
		1497C2F62DBE299A006B7AE2 /* Frameworks */ = {
			isa = PBXFrameworksBuildPhase;
			buildActionMask = 2147483647;
			files = (
			);
			runOnlyForDeploymentPostprocessing = 0;
		};
		1497C3082DBE299B006B7AE2 /* Frameworks */ = {
			isa = PBXFrameworksBuildPhase;
			buildActionMask = 2147483647;
			files = (
			);
			runOnlyForDeploymentPostprocessing = 0;
		};
		1497C3122DBE299B006B7AE2 /* Frameworks */ = {
			isa = PBXFrameworksBuildPhase;
			buildActionMask = 2147483647;
			files = (
			);
			runOnlyForDeploymentPostprocessing = 0;
		};
/* End PBXFrameworksBuildPhase section */

/* Begin PBXGroup section */
		1497C2F02DBE299A006B7AE2 = {
			isa = PBXGroup;
			children = (
				1497C2FB2DBE299A006B7AE2 /* voicejournal */,
				1497C30E2DBE299B006B7AE2 /* voicejournalTests */,
				1497C3182DBE299B006B7AE2 /* voicejournalUITests */,
				1497C2FA2DBE299A006B7AE2 /* Products */,
			);
			sourceTree = "<group>";
		};
		1497C2FA2DBE299A006B7AE2 /* Products */ = {
			isa = PBXGroup;
			children = (
				1497C2F92DBE299A006B7AE2 /* voicejournal.app */,
				1497C30B2DBE299B006B7AE2 /* voicejournalTests.xctest */,
				1497C3152DBE299B006B7AE2 /* voicejournalUITests.xctest */,
			);
			name = Products;
			sourceTree = "<group>";
		};
/* End PBXGroup section */

/* Begin PBXNativeTarget section */
		1497C2F82DBE299A006B7AE2 /* voicejournal */ = {
			isa = PBXNativeTarget;
			buildConfigurationList = 1497C31F2DBE299B006B7AE2 /* Build configuration list for PBXNativeTarget "voicejournal" */;
			buildPhases = (
				1497C2F52DBE299A006B7AE2 /* Sources */,
				1497C2F62DBE299A006B7AE2 /* Frameworks */,
				1497C2F72DBE299A006B7AE2 /* Resources */,
			);
			buildRules = (
			);
			dependencies = (
			);
			fileSystemSynchronizedGroups = (
				1497C2FB2DBE299A006B7AE2 /* voicejournal */,
			);
			name = voicejournal;
			packageProductDependencies = (
			);
			productName = voicejournal;
			productReference = 1497C2F92DBE299A006B7AE2 /* voicejournal.app */;
			productType = "com.apple.product-type.application";
		};
		1497C30A2DBE299B006B7AE2 /* voicejournalTests */ = {
			isa = PBXNativeTarget;
			buildConfigurationList = 1497C3222DBE299B006B7AE2 /* Build configuration list for PBXNativeTarget "voicejournalTests" */;
			buildPhases = (
				1497C3072DBE299B006B7AE2 /* Sources */,
				1497C3082DBE299B006B7AE2 /* Frameworks */,
				1497C3092DBE299B006B7AE2 /* Resources */,
			);
			buildRules = (
			);
			dependencies = (
				1497C30D2DBE299B006B7AE2 /* PBXTargetDependency */,
			);
			fileSystemSynchronizedGroups = (
				1497C30E2DBE299B006B7AE2 /* voicejournalTests */,
			);
			name = voicejournalTests;
			packageProductDependencies = (
			);
			productName = voicejournalTests;
			productReference = 1497C30B2DBE299B006B7AE2 /* voicejournalTests.xctest */;
			productType = "com.apple.product-type.bundle.unit-test";
		};
		1497C3142DBE299B006B7AE2 /* voicejournalUITests */ = {
			isa = PBXNativeTarget;
			buildConfigurationList = 1497C3252DBE299B006B7AE2 /* Build configuration list for PBXNativeTarget "voicejournalUITests" */;
			buildPhases = (
				1497C3112DBE299B006B7AE2 /* Sources */,
				1497C3122DBE299B006B7AE2 /* Frameworks */,
				1497C3132DBE299B006B7AE2 /* Resources */,
			);
			buildRules = (
			);
			dependencies = (
				1497C3172DBE299B006B7AE2 /* PBXTargetDependency */,
			);
			fileSystemSynchronizedGroups = (
				1497C3182DBE299B006B7AE2 /* voicejournalUITests */,
			);
			name = voicejournalUITests;
			packageProductDependencies = (
			);
			productName = voicejournalUITests;
			productReference = 1497C3152DBE299B006B7AE2 /* voicejournalUITests.xctest */;
			productType = "com.apple.product-type.bundle.ui-testing";
		};
/* End PBXNativeTarget section */

/* Begin PBXProject section */
		1497C2F12DBE299A006B7AE2 /* Project object */ = {
			isa = PBXProject;
			attributes = {
				BuildIndependentTargetsInParallel = 1;
				LastSwiftUpdateCheck = 1630;
				LastUpgradeCheck = 1630;
				TargetAttributes = {
					1497C2F82DBE299A006B7AE2 = {
						CreatedOnToolsVersion = 16.3;
					};
					1497C30A2DBE299B006B7AE2 = {
						CreatedOnToolsVersion = 16.3;
						TestTargetID = 1497C2F82DBE299A006B7AE2;
					};
					1497C3142DBE299B006B7AE2 = {
						CreatedOnToolsVersion = 16.3;
						TestTargetID = 1497C2F82DBE299A006B7AE2;
					};
				};
			};
			buildConfigurationList = 1497C2F42DBE299A006B7AE2 /* Build configuration list for PBXProject "voicejournal" */;
			developmentRegion = en;
			hasScannedForEncodings = 0;
			knownRegions = (
				en,
				Base,
			);
			mainGroup = 1497C2F02DBE299A006B7AE2;
			minimizedProjectReferenceProxies = 1;
			preferredProjectObjectVersion = 77;
			productRefGroup = 1497C2FA2DBE299A006B7AE2 /* Products */;
			projectDirPath = "";
			projectRoot = "";
			targets = (
				1497C2F82DBE299A006B7AE2 /* voicejournal */,
				1497C30A2DBE299B006B7AE2 /* voicejournalTests */,
				1497C3142DBE299B006B7AE2 /* voicejournalUITests */,
			);
		};
/* End PBXProject section */

/* Begin PBXResourcesBuildPhase section */
		1497C2F72DBE299A006B7AE2 /* Resources */ = {
			isa = PBXResourcesBuildPhase;
			buildActionMask = 2147483647;
			files = (
			);
			runOnlyForDeploymentPostprocessing = 0;
		};
		1497C3092DBE299B006B7AE2 /* Resources */ = {
			isa = PBXResourcesBuildPhase;
			buildActionMask = 2147483647;
			files = (
			);
			runOnlyForDeploymentPostprocessing = 0;
		};
		1497C3132DBE299B006B7AE2 /* Resources */ = {
			isa = PBXResourcesBuildPhase;
			buildActionMask = 2147483647;
			files = (
			);
			runOnlyForDeploymentPostprocessing = 0;
		};
/* End PBXResourcesBuildPhase section */

/* Begin PBXSourcesBuildPhase section */
		1497C2F52DBE299A006B7AE2 /* Sources */ = {
			isa = PBXSourcesBuildPhase;
			buildActionMask = 2147483647;
			files = (
			);
			runOnlyForDeploymentPostprocessing = 0;
		};
		1497C3072DBE299B006B7AE2 /* Sources */ = {
			isa = PBXSourcesBuildPhase;
			buildActionMask = 2147483647;
			files = (
			);
			runOnlyForDeploymentPostprocessing = 0;
		};
		1497C3112DBE299B006B7AE2 /* Sources */ = {
			isa = PBXSourcesBuildPhase;
			buildActionMask = 2147483647;
			files = (
			);
			runOnlyForDeploymentPostprocessing = 0;
		};
/* End PBXSourcesBuildPhase section */

/* Begin PBXTargetDependency section */
		1497C30D2DBE299B006B7AE2 /* PBXTargetDependency */ = {
			isa = PBXTargetDependency;
			target = 1497C2F82DBE299A006B7AE2 /* voicejournal */;
			targetProxy = 1497C30C2DBE299B006B7AE2 /* PBXContainerItemProxy */;
		};
		1497C3172DBE299B006B7AE2 /* PBXTargetDependency */ = {
			isa = PBXTargetDependency;
			target = 1497C2F82DBE299A006B7AE2 /* voicejournal */;
			targetProxy = 1497C3162DBE299B006B7AE2 /* PBXContainerItemProxy */;
		};
/* End PBXTargetDependency section */

/* Begin XCBuildConfiguration section */
		1497C31D2DBE299B006B7AE2 /* Debug */ = {
			isa = XCBuildConfiguration;
			buildSettings = {
				ALWAYS_SEARCH_USER_PATHS = NO;
				ASSETCATALOG_COMPILER_GENERATE_SWIFT_ASSET_SYMBOL_EXTENSIONS = YES;
				CLANG_ANALYZER_NONNULL = YES;
				CLANG_ANALYZER_NUMBER_OBJECT_CONVERSION = YES_AGGRESSIVE;
				CLANG_CXX_LANGUAGE_STANDARD = "gnu++20";
				CLANG_ENABLE_MODULES = YES;
				CLANG_ENABLE_OBJC_ARC = YES;
				CLANG_ENABLE_OBJC_WEAK = YES;
				CLANG_WARN_BLOCK_CAPTURE_AUTORELEASING = YES;
				CLANG_WARN_BOOL_CONVERSION = YES;
				CLANG_WARN_COMMA = YES;
				CLANG_WARN_CONSTANT_CONVERSION = YES;
				CLANG_WARN_DEPRECATED_OBJC_IMPLEMENTATIONS = YES;
				CLANG_WARN_DIRECT_OBJC_ISA_USAGE = YES_ERROR;
				CLANG_WARN_DOCUMENTATION_COMMENTS = YES;
				CLANG_WARN_EMPTY_BODY = YES;
				CLANG_WARN_ENUM_CONVERSION = YES;
				CLANG_WARN_INFINITE_RECURSION = YES;
				CLANG_WARN_INT_CONVERSION = YES;
				CLANG_WARN_NON_LITERAL_NULL_CONVERSION = YES;
				CLANG_WARN_OBJC_IMPLICIT_RETAIN_SELF = YES;
				CLANG_WARN_OBJC_LITERAL_CONVERSION = YES;
				CLANG_WARN_OBJC_ROOT_CLASS = YES_ERROR;
				CLANG_WARN_QUOTED_INCLUDE_IN_FRAMEWORK_HEADER = YES;
				CLANG_WARN_RANGE_LOOP_ANALYSIS = YES;
				CLANG_WARN_STRICT_PROTOTYPES = YES;
				CLANG_WARN_SUSPICIOUS_MOVE = YES;
				CLANG_WARN_UNGUARDED_AVAILABILITY = YES_AGGRESSIVE;
				CLANG_WARN_UNREACHABLE_CODE = YES;
				CLANG_WARN__DUPLICATE_METHOD_MATCH = YES;
				COPY_PHASE_STRIP = NO;
				DEBUG_INFORMATION_FORMAT = dwarf;
				DEVELOPMENT_TEAM = C859H7X5W3;
				ENABLE_STRICT_OBJC_MSGSEND = YES;
				ENABLE_TESTABILITY = YES;
				ENABLE_USER_SCRIPT_SANDBOXING = YES;
				GCC_C_LANGUAGE_STANDARD = gnu17;
				GCC_DYNAMIC_NO_PIC = NO;
				GCC_NO_COMMON_BLOCKS = YES;
				GCC_OPTIMIZATION_LEVEL = 0;
				GCC_PREPROCESSOR_DEFINITIONS = (
					"DEBUG=1",
					"$(inherited)",
				);
				GCC_WARN_64_TO_32_BIT_CONVERSION = YES;
				GCC_WARN_ABOUT_RETURN_TYPE = YES_ERROR;
				GCC_WARN_UNDECLARED_SELECTOR = YES;
				GCC_WARN_UNINITIALIZED_AUTOS = YES_AGGRESSIVE;
				GCC_WARN_UNUSED_FUNCTION = YES;
				GCC_WARN_UNUSED_VARIABLE = YES;
				IPHONEOS_DEPLOYMENT_TARGET = 18.4;
				LOCALIZATION_PREFERS_STRING_CATALOGS = YES;
				MTL_ENABLE_DEBUG_INFO = INCLUDE_SOURCE;
				MTL_FAST_MATH = YES;
				ONLY_ACTIVE_ARCH = YES;
				SDKROOT = iphoneos;
				SWIFT_ACTIVE_COMPILATION_CONDITIONS = "DEBUG $(inherited)";
				SWIFT_OPTIMIZATION_LEVEL = "-Onone";
			};
			name = Debug;
		};
		1497C31E2DBE299B006B7AE2 /* Release */ = {
			isa = XCBuildConfiguration;
			buildSettings = {
				ALWAYS_SEARCH_USER_PATHS = NO;
				ASSETCATALOG_COMPILER_GENERATE_SWIFT_ASSET_SYMBOL_EXTENSIONS = YES;
				CLANG_ANALYZER_NONNULL = YES;
				CLANG_ANALYZER_NUMBER_OBJECT_CONVERSION = YES_AGGRESSIVE;
				CLANG_CXX_LANGUAGE_STANDARD = "gnu++20";
				CLANG_ENABLE_MODULES = YES;
				CLANG_ENABLE_OBJC_ARC = YES;
				CLANG_ENABLE_OBJC_WEAK = YES;
				CLANG_WARN_BLOCK_CAPTURE_AUTORELEASING = YES;
				CLANG_WARN_BOOL_CONVERSION = YES;
				CLANG_WARN_COMMA = YES;
				CLANG_WARN_CONSTANT_CONVERSION = YES;
				CLANG_WARN_DEPRECATED_OBJC_IMPLEMENTATIONS = YES;
				CLANG_WARN_DIRECT_OBJC_ISA_USAGE = YES_ERROR;
				CLANG_WARN_DOCUMENTATION_COMMENTS = YES;
				CLANG_WARN_EMPTY_BODY = YES;
				CLANG_WARN_ENUM_CONVERSION = YES;
				CLANG_WARN_INFINITE_RECURSION = YES;
				CLANG_WARN_INT_CONVERSION = YES;
				CLANG_WARN_NON_LITERAL_NULL_CONVERSION = YES;
				CLANG_WARN_OBJC_IMPLICIT_RETAIN_SELF = YES;
				CLANG_WARN_OBJC_LITERAL_CONVERSION = YES;
				CLANG_WARN_OBJC_ROOT_CLASS = YES_ERROR;
				CLANG_WARN_QUOTED_INCLUDE_IN_FRAMEWORK_HEADER = YES;
				CLANG_WARN_RANGE_LOOP_ANALYSIS = YES;
				CLANG_WARN_STRICT_PROTOTYPES = YES;
				CLANG_WARN_SUSPICIOUS_MOVE = YES;
				CLANG_WARN_UNGUARDED_AVAILABILITY = YES_AGGRESSIVE;
				CLANG_WARN_UNREACHABLE_CODE = YES;
				CLANG_WARN__DUPLICATE_METHOD_MATCH = YES;
				COPY_PHASE_STRIP = NO;
				DEBUG_INFORMATION_FORMAT = "dwarf-with-dsym";
				DEVELOPMENT_TEAM = C859H7X5W3;
				ENABLE_NS_ASSERTIONS = NO;
				ENABLE_STRICT_OBJC_MSGSEND = YES;
				ENABLE_USER_SCRIPT_SANDBOXING = YES;
				GCC_C_LANGUAGE_STANDARD = gnu17;
				GCC_NO_COMMON_BLOCKS = YES;
				GCC_WARN_64_TO_32_BIT_CONVERSION = YES;
				GCC_WARN_ABOUT_RETURN_TYPE = YES_ERROR;
				GCC_WARN_UNDECLARED_SELECTOR = YES;
				GCC_WARN_UNINITIALIZED_AUTOS = YES_AGGRESSIVE;
				GCC_WARN_UNUSED_FUNCTION = YES;
				GCC_WARN_UNUSED_VARIABLE = YES;
				IPHONEOS_DEPLOYMENT_TARGET = 18.4;
				LOCALIZATION_PREFERS_STRING_CATALOGS = YES;
				MTL_ENABLE_DEBUG_INFO = NO;
				MTL_FAST_MATH = YES;
				SDKROOT = iphoneos;
				SWIFT_COMPILATION_MODE = wholemodule;
				VALIDATE_PRODUCT = YES;
			};
			name = Release;
		};
		1497C3202DBE299B006B7AE2 /* Debug */ = {
			isa = XCBuildConfiguration;
			buildSettings = {
				ASSETCATALOG_COMPILER_APPICON_NAME = AppIcon;
				ASSETCATALOG_COMPILER_GLOBAL_ACCENT_COLOR_NAME = AccentColor;
				CODE_SIGN_ENTITLEMENTS = voicejournal/voicejournal.entitlements;
				CODE_SIGN_STYLE = Automatic;
				CURRENT_PROJECT_VERSION = 1;
				DEVELOPMENT_TEAM = C859H7X5W3;
				ENABLE_PREVIEWS = YES;
				GENERATE_INFOPLIST_FILE = YES;
				INFOPLIST_KEY_CFBundleDisplayName = "Vox Cipher";
				INFOPLIST_KEY_NSMicrophoneUsageDescription = "Vox Cipher needs access to your microphone to record audio journal entries.";
				INFOPLIST_KEY_NSSpeechRecognitionUsageDescription = "Vox Cipher needs access to speech recognition to transcribe your voice recordings into text.";
				INFOPLIST_KEY_UIApplicationSceneManifest_Generation = YES;
				INFOPLIST_KEY_UIApplicationSupportsIndirectInputEvents = YES;
				INFOPLIST_KEY_UILaunchScreen_Generation = YES;
				INFOPLIST_KEY_UISupportedInterfaceOrientations_iPad = "UIInterfaceOrientationPortrait UIInterfaceOrientationPortraitUpsideDown UIInterfaceOrientationLandscapeLeft UIInterfaceOrientationLandscapeRight";
				INFOPLIST_KEY_UISupportedInterfaceOrientations_iPhone = "UIInterfaceOrientationPortrait UIInterfaceOrientationLandscapeLeft UIInterfaceOrientationLandscapeRight";
				LD_RUNPATH_SEARCH_PATHS = (
					"$(inherited)",
					"@executable_path/Frameworks",
				);
				MARKETING_VERSION = 1.0;
				PRODUCT_BUNDLE_IDENTIFIER = com.ztwoi.voicejournal;
				PRODUCT_NAME = "$(TARGET_NAME)";
				SWIFT_EMIT_LOC_STRINGS = YES;
				SWIFT_VERSION = 5.0;
				TARGETED_DEVICE_FAMILY = "1,2";
			};
			name = Debug;
		};
		1497C3212DBE299B006B7AE2 /* Release */ = {
			isa = XCBuildConfiguration;
			buildSettings = {
				ASSETCATALOG_COMPILER_APPICON_NAME = AppIcon;
				ASSETCATALOG_COMPILER_GLOBAL_ACCENT_COLOR_NAME = AccentColor;
				CODE_SIGN_ENTITLEMENTS = voicejournal/voicejournal.entitlements;
				CODE_SIGN_STYLE = Automatic;
				CURRENT_PROJECT_VERSION = 1;
				DEVELOPMENT_TEAM = C859H7X5W3;
				ENABLE_PREVIEWS = YES;
				GENERATE_INFOPLIST_FILE = YES;
				INFOPLIST_KEY_CFBundleDisplayName = "Vox Cipher";
				INFOPLIST_KEY_NSMicrophoneUsageDescription = "Vox Cipher needs access to your microphone to record audio journal entries.";
				INFOPLIST_KEY_NSSpeechRecognitionUsageDescription = "Vox Cipher needs access to speech recognition to transcribe your voice recordings into text.";
				INFOPLIST_KEY_UIApplicationSceneManifest_Generation = YES;
				INFOPLIST_KEY_UIApplicationSupportsIndirectInputEvents = YES;
				INFOPLIST_KEY_UILaunchScreen_Generation = YES;
				INFOPLIST_KEY_UISupportedInterfaceOrientations_iPad = "UIInterfaceOrientationPortrait UIInterfaceOrientationPortraitUpsideDown UIInterfaceOrientationLandscapeLeft UIInterfaceOrientationLandscapeRight";
				INFOPLIST_KEY_UISupportedInterfaceOrientations_iPhone = "UIInterfaceOrientationPortrait UIInterfaceOrientationLandscapeLeft UIInterfaceOrientationLandscapeRight";
				LD_RUNPATH_SEARCH_PATHS = (
					"$(inherited)",
					"@executable_path/Frameworks",
				);
				MARKETING_VERSION = 1.0;
				PRODUCT_BUNDLE_IDENTIFIER = com.ztwoi.voicejournal;
				PRODUCT_NAME = "$(TARGET_NAME)";
				SWIFT_EMIT_LOC_STRINGS = YES;
				SWIFT_VERSION = 5.0;
				TARGETED_DEVICE_FAMILY = "1,2";
			};
			name = Release;
		};
		1497C3232DBE299B006B7AE2 /* Debug */ = {
			isa = XCBuildConfiguration;
			buildSettings = {
				BUNDLE_LOADER = "$(TEST_HOST)";
				CODE_SIGN_STYLE = Automatic;
				CURRENT_PROJECT_VERSION = 1;
				DEVELOPMENT_TEAM = C859H7X5W3;
				GENERATE_INFOPLIST_FILE = YES;
				IPHONEOS_DEPLOYMENT_TARGET = 18.4;
				MARKETING_VERSION = 1.0;
				PRODUCT_BUNDLE_IDENTIFIER = com.ztwoi.voicejournalTests;
				PRODUCT_NAME = "$(TARGET_NAME)";
				SWIFT_EMIT_LOC_STRINGS = NO;
				SWIFT_VERSION = 5.0;
				TARGETED_DEVICE_FAMILY = "1,2";
				TEST_HOST = "$(BUILT_PRODUCTS_DIR)/voicejournal.app/$(BUNDLE_EXECUTABLE_FOLDER_PATH)/voicejournal";
			};
			name = Debug;
		};
		1497C3242DBE299B006B7AE2 /* Release */ = {
			isa = XCBuildConfiguration;
			buildSettings = {
				BUNDLE_LOADER = "$(TEST_HOST)";
				CODE_SIGN_STYLE = Automatic;
				CURRENT_PROJECT_VERSION = 1;
				DEVELOPMENT_TEAM = C859H7X5W3;
				GENERATE_INFOPLIST_FILE = YES;
				IPHONEOS_DEPLOYMENT_TARGET = 18.4;
				MARKETING_VERSION = 1.0;
				PRODUCT_BUNDLE_IDENTIFIER = com.ztwoi.voicejournalTests;
				PRODUCT_NAME = "$(TARGET_NAME)";
				SWIFT_EMIT_LOC_STRINGS = NO;
				SWIFT_VERSION = 5.0;
				TARGETED_DEVICE_FAMILY = "1,2";
				TEST_HOST = "$(BUILT_PRODUCTS_DIR)/voicejournal.app/$(BUNDLE_EXECUTABLE_FOLDER_PATH)/voicejournal";
			};
			name = Release;
		};
		1497C3262DBE299B006B7AE2 /* Debug */ = {
			isa = XCBuildConfiguration;
			buildSettings = {
				CODE_SIGN_STYLE = Automatic;
				CURRENT_PROJECT_VERSION = 1;
				DEVELOPMENT_TEAM = C859H7X5W3;
				GENERATE_INFOPLIST_FILE = YES;
				MARKETING_VERSION = 1.0;
				PRODUCT_BUNDLE_IDENTIFIER = com.ztwoi.voicejournalUITests;
				PRODUCT_NAME = "$(TARGET_NAME)";
				SWIFT_EMIT_LOC_STRINGS = NO;
				SWIFT_VERSION = 5.0;
				TARGETED_DEVICE_FAMILY = "1,2";
				TEST_TARGET_NAME = voicejournal;
			};
			name = Debug;
		};
		1497C3272DBE299B006B7AE2 /* Release */ = {
			isa = XCBuildConfiguration;
			buildSettings = {
				CODE_SIGN_STYLE = Automatic;
				CURRENT_PROJECT_VERSION = 1;
				DEVELOPMENT_TEAM = C859H7X5W3;
				GENERATE_INFOPLIST_FILE = YES;
				MARKETING_VERSION = 1.0;
				PRODUCT_BUNDLE_IDENTIFIER = com.ztwoi.voicejournalUITests;
				PRODUCT_NAME = "$(TARGET_NAME)";
				SWIFT_EMIT_LOC_STRINGS = NO;
				SWIFT_VERSION = 5.0;
				TARGETED_DEVICE_FAMILY = "1,2";
				TEST_TARGET_NAME = voicejournal;
			};
			name = Release;
		};
/* End XCBuildConfiguration section */

/* Begin XCConfigurationList section */
		1497C2F42DBE299A006B7AE2 /* Build configuration list for PBXProject "voicejournal" */ = {
			isa = XCConfigurationList;
			buildConfigurations = (
				1497C31D2DBE299B006B7AE2 /* Debug */,
				1497C31E2DBE299B006B7AE2 /* Release */,
			);
			defaultConfigurationIsVisible = 0;
			defaultConfigurationName = Release;
		};
		1497C31F2DBE299B006B7AE2 /* Build configuration list for PBXNativeTarget "voicejournal" */ = {
			isa = XCConfigurationList;
			buildConfigurations = (
				1497C3202DBE299B006B7AE2 /* Debug */,
				1497C3212DBE299B006B7AE2 /* Release */,
			);
			defaultConfigurationIsVisible = 0;
			defaultConfigurationName = Release;
		};
		1497C3222DBE299B006B7AE2 /* Build configuration list for PBXNativeTarget "voicejournalTests" */ = {
			isa = XCConfigurationList;
			buildConfigurations = (
				1497C3232DBE299B006B7AE2 /* Debug */,
				1497C3242DBE299B006B7AE2 /* Release */,
			);
			defaultConfigurationIsVisible = 0;
			defaultConfigurationName = Release;
		};
		1497C3252DBE299B006B7AE2 /* Build configuration list for PBXNativeTarget "voicejournalUITests" */ = {
			isa = XCConfigurationList;
			buildConfigurations = (
				1497C3262DBE299B006B7AE2 /* Debug */,
				1497C3272DBE299B006B7AE2 /* Release */,
			);
			defaultConfigurationIsVisible = 0;
			defaultConfigurationName = Release;
		};
/* End XCConfigurationList section */
	};
	rootObject = 1497C2F12DBE299A006B7AE2 /* Project object */;
}
